{
  "name": "geee-pr-agent",
  "lockfileVersion": 3,
  "requires": true,
  "packages": {
    "": {
      "name": "geee-pr-agent",
      "devDependencies": {
        "@flue/cli": "0.0.49",
        "@flue/client": "0.0.31",
        "typescript": "5.9.3",
        "valibot": "1.2.0"
      }
    },
    "node_modules/@flue/cli": {
      "version": "0.0.49",
      "resolved": "https://registry.npmjs.org/@flue/cli/-/cli-0.0.49.tgz",
      "integrity": "sha512-gN2qdJvd72KlRKSMMUtGl2eatmPr/IqbPB7/pwc+YhOc4qsBSuU5b2k4u3/LnCe7AX8AlQdyZoJ93O/3kKNu1g==",
      "dev": true,
      "license": "Apache-2.0",
      "dependencies": {
        "@flue/client": "^0.0.31",
        "@valibot/to-json-schema": "^1.0.0",
        "valibot": "^1.0.0"
      },
      "bin": {
        "flue": "dist/flue.js"
      }
    },
    "node_modules/@flue/client": {
      "version": "0.0.31",
      "resolved": "https://registry.npmjs.org/@flue/client/-/client-0.0.31.tgz",
      "integrity": "sha512-1+Y3t1MwKy2OqtEKIoq/Qx7GK2tji+H079blVXaPC3doij4CyOGaixhjki9e3iW71Mpx75TXuSLgNlJqcL9e9A==",
      "dev": true,
      "license": "Apache-2.0",
      "dependencies": {
        "@opencode-ai/sdk": "^1.1.56",
        "@valibot/to-json-schema": "^1.0.0",
        "valibot": "^1.0.0"
      }
    },
    "node_modules/@opencode-ai/sdk": {
      "version": "1.2.24",
      "resolved": "https://registry.npmjs.org/@opencode-ai/sdk/-/sdk-1.2.24.tgz",
      "integrity": "sha512-MQamFkRl4B/3d6oIRLNpkYR2fcwet1V/ffKyOKJXWjtP/CT9PDJMtLpu6olVHjXKQi8zMNltwuMhv1QsNtRlZg==",
      "dev": true,
      "license": "MIT"
    },
    "node_modules/@valibot/to-json-schema": {
      "version": "1.5.0",
      "resolved": "https://registry.npmjs.org/@valibot/to-json-schema/-/to-json-schema-1.5.0.tgz",
      "integrity": "sha512-GE7DmSr1C2UCWPiV0upRH6mv0cCPsqYGs819fb6srCS1tWhyXrkGGe+zxUiwzn/L1BOfADH4sNjY/YHCuP8phQ==",
      "dev": true,
      "license": "MIT",
      "peerDependencies": {
        "valibot": "^1.2.0"
      }
    },
    "node_modules/typescript": {
      "version": "5.9.3",
      "resolved": "https://registry.npmjs.org/typescript/-/typescript-5.9.3.tgz",
      "integrity": "sha512-jl1vZzPDinLr9eUt3J/t7V6FgNEw9QjvBPdysz9KfQDD41fQrC2Y4vKQdiaUpFT4bXlb1RHhLpp8wtm6M5TgSw==",
      "dev": true,
      "license": "Apache-2.0",
      "bin": {
        "tsc": "bin/tsc",
        "tsserver": "bin/tsserver"
      },
      "engines": {
        "node": ">=14.17"
      }
    },
    "node_modules/valibot": {
      "version": "1.2.0",
      "resolved": "https://registry.npmjs.org/valibot/-/valibot-1.2.0.tgz",
      "integrity": "sha512-mm1rxUsmOxzrwnX5arGS+U4T25RdvpPjPN4yR0u9pUBov9+zGVtO84tif1eY4r6zWxVxu3KzIyknJy3rxfRZZg==",
      "dev": true,
      "license": "MIT",
      "peerDependencies": {
        "typescript": ">=5"
      },
      "peerDependenciesMeta": {
        "typescript": {
          "optional": true
        }
      }
    }
  }
}
